{
  "lockfileVersion": 1,
  "configVersion": 1,
  "workspaces": {
    "": {
      "name": "@tao/parser",
      "dependencies": {
        "langium": "^4.1.2",
        "vscode-languageserver": "~9.0.1",
        "vscode-languageserver-types": "~3.17.5",
      },
      "devDependencies": {
        "@types/bun": "latest",
        "langium-cli": "^4.1.0",
        "typescript": "^5",
      },
    },
  },
  "packages": {
    "@chevrotain/cst-dts-gen": ["@chevrotain/cst-dts-gen@11.1.2", "", { "dependencies": { "@chevrotain/gast": "11.1.2", "@chevrotain/types": "11.1.2", "lodash-es": "4.17.23" } }, "sha512-XTsjvDVB5nDZBQB8o0o/0ozNelQtn2KrUVteIHSlPd2VAV2utEb6JzyCJaJ8tGxACR4RiBNWy5uYUHX2eji88Q=="],

    "@chevrotain/gast": ["@chevrotain/gast@11.1.2", "", { "dependencies": { "@chevrotain/types": "11.1.2", "lodash-es": "4.17.23" } }, "sha512-Z9zfXR5jNZb1Hlsd/p+4XWeUFugrHirq36bKzPWDSIacV+GPSVXdk+ahVWZTwjhNwofAWg/sZg58fyucKSQx5g=="],

    "@chevrotain/regexp-to-ast": ["@chevrotain/regexp-to-ast@11.1.2", "", {}, "sha512-nMU3Uj8naWer7xpZTYJdxbAs6RIv/dxYzkYU8GSwgUtcAAlzjcPfX1w+RKRcYG8POlzMeayOQ/znfwxEGo5ulw=="],

    "@chevrotain/types": ["@chevrotain/types@11.1.2", "", {}, "sha512-U+HFai5+zmJCkK86QsaJtoITlboZHBqrVketcO2ROv865xfCMSFpELQoz1GkX5GzME8pTa+3kbKrZHQtI0gdbw=="],

    "@chevrotain/utils": ["@chevrotain/utils@11.1.2", "", {}, "sha512-4mudFAQ6H+MqBTfqLmU7G1ZwRzCLfJEooL/fsF6rCX5eePMbGhoy5n4g+G4vlh2muDcsCTJtL+uKbOzWxs5LHA=="],

    "@types/bun": ["@types/bun@1.3.10", "", { "dependencies": { "bun-types": "1.3.10" } }, "sha512-0+rlrUrOrTSskibryHbvQkDOWRJwJZqZlxrUs1u4oOoTln8+WIXBPmAuCF35SWB2z4Zl3E84Nl/D0P7803nigQ=="],

    "@types/node": ["@types/node@25.5.0", "", { "dependencies": { "undici-types": "~7.18.0" } }, "sha512-jp2P3tQMSxWugkCUKLRPVUpGaL5MVFwF8RDuSRztfwgN1wmqJeMSbKlnEtQqU8UrhTmzEmZdu2I6v2dpp7XIxw=="],

    "bun-types": ["bun-types@1.3.10", "", { "dependencies": { "@types/node": "*" } }, "sha512-tcpfCCl6XWo6nCVnpcVrxQ+9AYN1iqMIzgrSKYMB/fjLtV2eyAVEg7AxQJuCq/26R6HpKWykQXuSOq/21RYcbg=="],

    "chalk": ["chalk@5.6.2", "", {}, "sha512-7NzBL0rN6fMUW+f7A6Io4h40qQlG+xGmtMxfbnH/K7TAtt8JQWVQK+6g0UXKMeVJoyV5EkkNsErQ8pVD3bLHbA=="],

    "chevrotain": ["chevrotain@11.1.2", "", { "dependencies": { "@chevrotain/cst-dts-gen": "11.1.2", "@chevrotain/gast": "11.1.2", "@chevrotain/regexp-to-ast": "11.1.2", "@chevrotain/types": "11.1.2", "@chevrotain/utils": "11.1.2", "lodash-es": "4.17.23" } }, "sha512-opLQzEVriiH1uUQ4Kctsd49bRoFDXGGSC4GUqj7pGyxM3RehRhvTlZJc1FL/Flew2p5uwxa1tUDWKzI4wNM8pg=="],

    "chevrotain-allstar": ["chevrotain-allstar@0.3.1", "", { "dependencies": { "lodash-es": "^4.17.21" }, "peerDependencies": { "chevrotain": "^11.0.0" } }, "sha512-b7g+y9A0v4mxCW1qUhf3BSVPg+/NvGErk/dOkrDaHA0nQIQGAtrOjlX//9OQtRlSCy+x9rfB5N8yC71lH1nvMw=="],

    "commander": ["commander@14.0.3", "", {}, "sha512-H+y0Jo/T1RZ9qPP4Eh1pkcQcLRglraJaSLoyOtHxu6AapkjWVCy2Sit1QQ4x3Dng8qDlSsZEet7g5Pq06MvTgw=="],

    "fs-extra": ["fs-extra@11.3.4", "", { "dependencies": { "graceful-fs": "^4.2.0", "jsonfile": "^6.0.1", "universalify": "^2.0.0" } }, "sha512-CTXd6rk/M3/ULNQj8FBqBWHYBVYybQ3VPBw0xGKFe3tuH7ytT6ACnvzpIQ3UZtB8yvUKC2cXn1a+x+5EVQLovA=="],

    "graceful-fs": ["graceful-fs@4.2.11", "", {}, "sha512-RbJ5/jmFcNNCcDV5o9eTnBLJ/HszWV0P73bc+Ff4nS/rJj+YaS6IGyiOL0VoBYX+l1Wrl3k63h/KrH+nhJ0XvQ=="],

    "jsonfile": ["jsonfile@6.2.0", "", { "dependencies": { "universalify": "^2.0.0" }, "optionalDependencies": { "graceful-fs": "^4.1.6" } }, "sha512-FGuPw30AdOIUTRMC2OMRtQV+jkVj2cfPqSeWXv1NEAJ1qZ5zb1X6z1mFhbfOB/iy3ssJCD+3KuZ8r8C3uVFlAg=="],

    "jsonschema": ["jsonschema@1.5.0", "", {}, "sha512-K+A9hhqbn0f3pJX17Q/7H6yQfD/5OXgdrR5UE12gMXCiN9D5Xq2o5mddV2QEcX/bjla99ASsAAQUyMCCRWAEhw=="],

    "langium": ["langium@4.2.1", "", { "dependencies": { "chevrotain": "~11.1.1", "chevrotain-allstar": "~0.3.1", "vscode-languageserver": "~9.0.1", "vscode-languageserver-textdocument": "~1.0.11", "vscode-uri": "~3.1.0" } }, "sha512-zu9QWmjpzJcomzdJQAHgDVhLGq5bLosVak1KVa40NzQHXfqr4eAHupvnPOVXEoLkg6Ocefvf/93d//SB7du4YQ=="],

    "langium-cli": ["langium-cli@4.2.0", "", { "dependencies": { "chalk": "~5.6.0", "commander": "~14.0.0", "fs-extra": "~11.3.0", "jsonschema": "~1.5.0", "langium": "~4.2.0", "langium-railroad": "~4.2.0", "lodash": "~4.17.21" }, "bin": { "langium": "bin/langium.js" } }, "sha512-3X0QAaeaQgQAyxqeM5XAgvFa+uvMdDwi9PwveoICJcCqtu8GJQrksC81tOiBDXaAXMVWgNHDTkeRegqiD5FmbQ=="],

    "langium-railroad": ["langium-railroad@4.2.0", "", { "dependencies": { "langium": "~4.2.0", "railroad-diagrams": "~1.0.0" } }, "sha512-LYR22GV14iz0GTUtR91pZY6yNImYRk1HbAuHBP8k8GESMcSkCJh+iewJooH9k8H8dJOteXvvI7aFkz6rfU9oLQ=="],

    "lodash": ["lodash@4.17.23", "", {}, "sha512-LgVTMpQtIopCi79SJeDiP0TfWi5CNEc/L/aRdTh3yIvmZXTnheWpKjSZhnvMl8iXbC1tFg9gdHHDMLoV7CnG+w=="],

    "lodash-es": ["lodash-es@4.17.23", "", {}, "sha512-kVI48u3PZr38HdYz98UmfPnXl2DXrpdctLrFLCd3kOx1xUkOmpFPx7gCWWM5MPkL/fD8zb+Ph0QzjGFs4+hHWg=="],

    "railroad-diagrams": ["railroad-diagrams@1.0.0", "", {}, "sha512-cz93DjNeLY0idrCNOH6PviZGRN9GJhsdm9hpn1YCS879fj4W+x5IFJhhkRZcwVgMmFF7R82UA/7Oh+R8lLZg6A=="],

    "typescript": ["typescript@5.9.3", "", { "bin": { "tsc": "bin/tsc", "tsserver": "bin/tsserver" } }, "sha512-jl1vZzPDinLr9eUt3J/t7V6FgNEw9QjvBPdysz9KfQDD41fQrC2Y4vKQdiaUpFT4bXlb1RHhLpp8wtm6M5TgSw=="],

    "undici-types": ["undici-types@7.18.2", "", {}, "sha512-AsuCzffGHJybSaRrmr5eHr81mwJU3kjw6M+uprWvCXiNeN9SOGwQ3Jn8jb8m3Z6izVgknn1R0FTCEAP2QrLY/w=="],

    "universalify": ["universalify@2.0.1", "", {}, "sha512-gptHNQghINnc/vTGIk0SOFGFNXw7JVrlRUtConJRlvaw6DuX0wO5Jeko9sWrMBhh+PsYAZ7oXAiOnf/UKogyiw=="],

    "vscode-jsonrpc": ["vscode-jsonrpc@8.2.0", "", {}, "sha512-C+r0eKJUIfiDIfwJhria30+TYWPtuHJXHtI7J0YlOmKAo7ogxP20T0zxB7HZQIFhIyvoBPwWskjxrvAtfjyZfA=="],

    "vscode-languageserver": ["vscode-languageserver@9.0.1", "", { "dependencies": { "vscode-languageserver-protocol": "3.17.5" }, "bin": { "installServerIntoExtension": "bin/installServerIntoExtension" } }, "sha512-woByF3PDpkHFUreUa7Hos7+pUWdeWMXRd26+ZX2A8cFx6v/JPTtd4/uN0/jB6XQHYaOlHbio03NTHCqrgG5n7g=="],

    "vscode-languageserver-protocol": ["vscode-languageserver-protocol@3.17.5", "", { "dependencies": { "vscode-jsonrpc": "8.2.0", "vscode-languageserver-types": "3.17.5" } }, "sha512-mb1bvRJN8SVznADSGWM9u/b07H7Ecg0I3OgXDuLdn307rl/J3A9YD6/eYOssqhecL27hK1IPZAsaqh00i/Jljg=="],

    "vscode-languageserver-textdocument": ["vscode-languageserver-textdocument@1.0.12", "", {}, "sha512-cxWNPesCnQCcMPeenjKKsOCKQZ/L6Tv19DTRIGuLWe32lyzWhihGVJ/rcckZXJxfdKCFvRLS3fpBIsV/ZGX4zA=="],

    "vscode-languageserver-types": ["vscode-languageserver-types@3.17.5", "", {}, "sha512-Ld1VelNuX9pdF39h2Hgaeb5hEZM2Z3jUrrMgWQAu82jMtZp7p3vJT3BzToKtZI7NgQssZje5o0zryOrhQvzQAg=="],

    "vscode-uri": ["vscode-uri@3.1.0", "", {}, "sha512-/BpdSx+yCQGnCvecbyXdxHDkuk55/G3xwnC0GqY4gmQ3j+A+g8kzzgB4Nk/SINjqn6+waqw3EgbVF2QKExkRxQ=="],
  }
}
